
Microsoft Visual Studio Solution File, Format Version 12.00
# Visual Studio Version 16
VisualStudioVersion = 16.0.34114.132
MinimumVisualStudioVersion = 10.0.40219.1
Project("{FAE04EC0-301F-11D3-BF4B-00C04F79EFBC}") = "Model", "Model\Model.csproj", "{4AA48F1A-DCA5-4F10-9719-E45C1FB0B980}"
EndProject
Project("{FAE04EC0-301F-11D3-BF4B-00C04F79EFBC}") = "View", "View\View.csproj", "{D43BBCBD-0B9E-47FA-A848-007A88857C5C}"
EndProject
Project("{FAE04EC0-301F-11D3-BF4B-00C04F79EFBC}") = "Controller", "Controller\Controller.csproj", "{ADD29D61-6AD3-481D-B558-419797C7E861}"
EndProject
Global
	GlobalSection(SolutionConfigurationPlatforms) = preSolution
		Debug|Any CPU = Debug|Any CPU
		Release|Any CPU = Release|Any CPU
	EndGlobalSection
	GlobalSection(ProjectConfigurationPlatforms) = postSolution
		{4AA48F1A-DCA5-4F10-9719-E45C1FB0B980}.Debug|Any CPU.ActiveCfg = Debug|Any CPU
		{4AA48F1A-DCA5-4F10-9719-E45C1FB0B980}.Debug|Any CPU.Build.0 = Debug|Any CPU
		{4AA48F1A-DCA5-4F10-9719-E45C1FB0B980}.Release|Any CPU.ActiveCfg = Release|Any CPU
		{4AA48F1A-DCA5-4F10-9719-E45C1FB0B980}.Release|Any CPU.Build.0 = Release|Any CPU
		{D43BBCBD-0B9E-47FA-A848-007A88857C5C}.Debug|Any CPU.ActiveCfg = Debug|Any CPU
		{D43BBCBD-0B9E-47FA-A848-007A88857C5C}.Debug|Any CPU.Build.0 = Debug|Any CPU
		{D43BBCBD-0B9E-47FA-A848-007A88857C5C}.Release|Any CPU.ActiveCfg = Release|Any CPU
		{D43BBCBD-0B9E-47FA-A848-007A88857C5C}.Release|Any CPU.Build.0 = Release|Any CPU
		{ADD29D61-6AD3-481D-B558-419797C7E861}.Debug|Any CPU.ActiveCfg = Debug|Any CPU
		{ADD29D61-6AD3-481D-B558-419797C7E861}.Debug|Any CPU.Build.0 = Debug|Any CPU
		{ADD29D61-6AD3-481D-B558-419797C7E861}.Release|Any CPU.ActiveCfg = Release|Any CPU
		{ADD29D61-6AD3-481D-B558-419797C7E861}.Release|Any CPU.Build.0 = Release|Any CPU
	EndGlobalSection
	GlobalSection(SolutionProperties) = preSolution
		HideSolutionNode = FALSE
	EndGlobalSection
	GlobalSection(ExtensibilityGlobals) = postSolution
		SolutionGuid = {8E196386-F59C-45C6-B976-A3B9FFFE4DA4}
	EndGlobalSection
EndGlobal
